// !$*UTF8*$!
{
	archiveVersion = 1;
	classes = {
	};
	objectVersion = 46;
	objects = {

/* Begin PBXBuildFile section */
		5F3541A61962993D00F56DA4 /* Grid.atlas in Resources */ = {isa = PBXBuildFile; fileRef = 5F3541A51962993D00F56DA4 /* Grid.atlas */; };
		5F3541AB1962A23200F56DA4 /* Array2D.swift in Sources */ = {isa = PBXBuildFile; fileRef = 5F3541A81962A23200F56DA4 /* Array2D.swift */; };
		5F3541AC1962A23200F56DA4 /* Extension.swift in Sources */ = {isa = PBXBuildFile; fileRef = 5F3541A91962A23200F56DA4 /* Extension.swift */; };
		5F3541AD1962A23200F56DA4 /* Set.swift in Sources */ = {isa = PBXBuildFile; fileRef = 5F3541AA1962A23200F56DA4 /* Set.swift */; };
		5F53BF221962585900CAAC8A /* Chomp.wav in Resources */ = {isa = PBXBuildFile; fileRef = 5F53BF1C1962585900CAAC8A /* Chomp.wav */; };
		5F53BF231962585900CAAC8A /* Drip.wav in Resources */ = {isa = PBXBuildFile; fileRef = 5F53BF1D1962585900CAAC8A /* Drip.wav */; };
		5F53BF241962585900CAAC8A /* Error.wav in Resources */ = {isa = PBXBuildFile; fileRef = 5F53BF1E1962585900CAAC8A /* Error.wav */; };
		5F53BF251962585900CAAC8A /* Ka-Ching.wav in Resources */ = {isa = PBXBuildFile; fileRef = 5F53BF1F1962585900CAAC8A /* Ka-Ching.wav */; };
		5F53BF261962585900CAAC8A /* Mining by Moonlight.mp3 in Resources */ = {isa = PBXBuildFile; fileRef = 5F53BF201962585900CAAC8A /* Mining by Moonlight.mp3 */; };
		5F53BF271962585900CAAC8A /* Scrape.wav in Resources */ = {isa = PBXBuildFile; fileRef = 5F53BF211962585900CAAC8A /* Scrape.wav */; };
		5F53BF2919625A0D00CAAC8A /* Chain.swift in Sources */ = {isa = PBXBuildFile; fileRef = 5F53BF2819625A0D00CAAC8A /* Chain.swift */; };
		5FB11F601961406600527C63 /* AppDelegate.swift in Sources */ = {isa = PBXBuildFile; fileRef = 5FB11F5F1961406600527C63 /* AppDelegate.swift */; };
		5FB11F691961406600527C63 /* Main.storyboard in Resources */ = {isa = PBXBuildFile; fileRef = 5FB11F671961406600527C63 /* Main.storyboard */; };
		5FB11F6B1961406600527C63 /* Images.xcassets in Resources */ = {isa = PBXBuildFile; fileRef = 5FB11F6A1961406600527C63 /* Images.xcassets */; };
		5FB11F771961406600527C63 /* XJCookieCrunchTests.swift in Sources */ = {isa = PBXBuildFile; fileRef = 5FB11F761961406600527C63 /* XJCookieCrunchTests.swift */; };
		5FC011601961449100842F12 /* Sprites.atlas in Resources */ = {isa = PBXBuildFile; fileRef = 5FC0115F1961449100842F12 /* Sprites.atlas */; };
		5FC01173196150F000842F12 /* GameViewController.swift in Sources */ = {isa = PBXBuildFile; fileRef = 5FC0116A196150F000842F12 /* GameViewController.swift */; };
		5FC01175196150F000842F12 /* Cookie.swift in Sources */ = {isa = PBXBuildFile; fileRef = 5FC0116D196150F000842F12 /* Cookie.swift */; };
		5FC01176196150F000842F12 /* Level.swift in Sources */ = {isa = PBXBuildFile; fileRef = 5FC0116E196150F000842F12 /* Level.swift */; };
		5FC01178196150F000842F12 /* GameScene.sks in Resources */ = {isa = PBXBuildFile; fileRef = 5FC01171196150F000842F12 /* GameScene.sks */; };
		5FC01179196150F000842F12 /* GameScene.swift in Sources */ = {isa = PBXBuildFile; fileRef = 5FC01172196150F000842F12 /* GameScene.swift */; };
		5FC011801961566D00842F12 /* Level_0.json in Resources */ = {isa = PBXBuildFile; fileRef = 5FC0117B1961566D00842F12 /* Level_0.json */; };
		5FC011811961566D00842F12 /* Level_1.json in Resources */ = {isa = PBXBuildFile; fileRef = 5FC0117C1961566D00842F12 /* Level_1.json */; };
		5FC011821961566D00842F12 /* Level_2.json in Resources */ = {isa = PBXBuildFile; fileRef = 5FC0117D1961566D00842F12 /* Level_2.json */; };
		5FC011831961566D00842F12 /* Level_3.json in Resources */ = {isa = PBXBuildFile; fileRef = 5FC0117E1961566D00842F12 /* Level_3.json */; };
		5FC011841961566D00842F12 /* Level_4.json in Resources */ = {isa = PBXBuildFile; fileRef = 5FC0117F1961566D00842F12 /* Level_4.json */; };
		5FC011861961569D00842F12 /* Tile.swift in Sources */ = {isa = PBXBuildFile; fileRef = 5FC011851961569D00842F12 /* Tile.swift */; };
		5FC0118A1961617600842F12 /* Swap.swift in Sources */ = {isa = PBXBuildFile; fileRef = 5FC011891961617600842F12 /* Swap.swift */; };
/* End PBXBuildFile section */

/* Begin PBXContainerItemProxy section */
		5FB11F711961406600527C63 /* PBXContainerItemProxy */ = {
			isa = PBXContainerItemProxy;
			containerPortal = 5FB11F521961406400527C63 /* Project object */;
			proxyType = 1;
			remoteGlobalIDString = 5FB11F591961406500527C63;
			remoteInfo = XJCookieCrunch;
		};
/* End PBXContainerItemProxy section */

/* Begin PBXFileReference section */
		5F3541A51962993D00F56DA4 /* Grid.atlas */ = {isa = PBXFileReference; lastKnownFileType = folder.skatlas; path = Grid.atlas; sourceTree = "<group>"; };
		5F3541A81962A23200F56DA4 /* Array2D.swift */ = {isa = PBXFileReference; fileEncoding = 4; lastKnownFileType = sourcecode.swift; path = Array2D.swift; sourceTree = "<group>"; };
		5F3541A91962A23200F56DA4 /* Extension.swift */ = {isa = PBXFileReference; fileEncoding = 4; lastKnownFileType = sourcecode.swift; path = Extension.swift; sourceTree = "<group>"; };
		5F3541AA1962A23200F56DA4 /* Set.swift */ = {isa = PBXFileReference; fileEncoding = 4; lastKnownFileType = sourcecode.swift; path = Set.swift; sourceTree = "<group>"; };
		5F53BF1C1962585900CAAC8A /* Chomp.wav */ = {isa = PBXFileReference; lastKnownFileType = audio.wav; path = Chomp.wav; sourceTree = "<group>"; };
		5F53BF1D1962585900CAAC8A /* Drip.wav */ = {isa = PBXFileReference; lastKnownFileType = audio.wav; path = Drip.wav; sourceTree = "<group>"; };
		5F53BF1E1962585900CAAC8A /* Error.wav */ = {isa = PBXFileReference; lastKnownFileType = audio.wav; path = Error.wav; sourceTree = "<group>"; };
		5F53BF1F1962585900CAAC8A /* Ka-Ching.wav */ = {isa = PBXFileReference; lastKnownFileType = audio.wav; path = "Ka-Ching.wav"; sourceTree = "<group>"; };
		5F53BF201962585900CAAC8A /* Mining by Moonlight.mp3 */ = {isa = PBXFileReference; lastKnownFileType = audio.mp3; path = "Mining by Moonlight.mp3"; sourceTree = "<group>"; };
		5F53BF211962585900CAAC8A /* Scrape.wav */ = {isa = PBXFileReference; lastKnownFileType = audio.wav; path = Scrape.wav; sourceTree = "<group>"; };
		5F53BF2819625A0D00CAAC8A /* Chain.swift */ = {isa = PBXFileReference; fileEncoding = 4; lastKnownFileType = sourcecode.swift; path = Chain.swift; sourceTree = "<group>"; };
		5FB11F5A1961406500527C63 /* XJCookieCrunch.app */ = {isa = PBXFileReference; explicitFileType = wrapper.application; includeInIndex = 0; path = XJCookieCrunch.app; sourceTree = BUILT_PRODUCTS_DIR; };
		5FB11F5E1961406600527C63 /* Info.plist */ = {isa = PBXFileReference; lastKnownFileType = text.plist.xml; path = Info.plist; sourceTree = "<group>"; };
		5FB11F5F1961406600527C63 /* AppDelegate.swift */ = {isa = PBXFileReference; lastKnownFileType = sourcecode.swift; path = AppDelegate.swift; sourceTree = "<group>"; };
		5FB11F681961406600527C63 /* Base */ = {isa = PBXFileReference; lastKnownFileType = file.storyboard; name = Base; path = Base.lproj/Main.storyboard; sourceTree = "<group>"; };
		5FB11F6A1961406600527C63 /* Images.xcassets */ = {isa = PBXFileReference; lastKnownFileType = folder.assetcatalog; path = Images.xcassets; sourceTree = "<group>"; };
		5FB11F701961406600527C63 /* XJCookieCrunchTests.xctest */ = {isa = PBXFileReference; explicitFileType = wrapper.cfbundle; includeInIndex = 0; path = XJCookieCrunchTests.xctest; sourceTree = BUILT_PRODUCTS_DIR; };
		5FB11F751961406600527C63 /* Info.plist */ = {isa = PBXFileReference; lastKnownFileType = text.plist.xml; path = Info.plist; sourceTree = "<group>"; };
		5FB11F761961406600527C63 /* XJCookieCrunchTests.swift */ = {isa = PBXFileReference; lastKnownFileType = sourcecode.swift; path = XJCookieCrunchTests.swift; sourceTree = "<group>"; };
		5FC0115F1961449100842F12 /* Sprites.atlas */ = {isa = PBXFileReference; lastKnownFileType = folder.skatlas; path = Sprites.atlas; sourceTree = "<group>"; };
		5FC0116A196150F000842F12 /* GameViewController.swift */ = {isa = PBXFileReference; fileEncoding = 4; lastKnownFileType = sourcecode.swift; path = GameViewController.swift; sourceTree = "<group>"; };
		5FC0116D196150F000842F12 /* Cookie.swift */ = {isa = PBXFileReference; fileEncoding = 4; lastKnownFileType = sourcecode.swift; path = Cookie.swift; sourceTree = "<group>"; };
		5FC0116E196150F000842F12 /* Level.swift */ = {isa = PBXFileReference; fileEncoding = 4; lastKnownFileType = sourcecode.swift; path = Level.swift; sourceTree = "<group>"; };
		5FC01171196150F000842F12 /* GameScene.sks */ = {isa = PBXFileReference; lastKnownFileType = file.sks; path = GameScene.sks; sourceTree = "<group>"; };
		5FC01172196150F000842F12 /* GameScene.swift */ = {isa = PBXFileReference; fileEncoding = 4; lastKnownFileType = sourcecode.swift; path = GameScene.swift; sourceTree = "<group>"; };
		5FC0117B1961566D00842F12 /* Level_0.json */ = {isa = PBXFileReference; fileEncoding = 4; lastKnownFileType = text.json; path = Level_0.json; sourceTree = "<group>"; };
		5FC0117C1961566D00842F12 /* Level_1.json */ = {isa = PBXFileReference; fileEncoding = 4; lastKnownFileType = text.json; path = Level_1.json; sourceTree = "<group>"; };
		5FC0117D1961566D00842F12 /* Level_2.json */ = {isa = PBXFileReference; fileEncoding = 4; lastKnownFileType = text.json; path = Level_2.json; sourceTree = "<group>"; };
		5FC0117E1961566D00842F12 /* Level_3.json */ = {isa = PBXFileReference; fileEncoding = 4; lastKnownFileType = text.json; path = Level_3.json; sourceTree = "<group>"; };
		5FC0117F1961566D00842F12 /* Level_4.json */ = {isa = PBXFileReference; fileEncoding = 4; lastKnownFileType = text.json; path = Level_4.json; sourceTree = "<group>"; };
		5FC011851961569D00842F12 /* Tile.swift */ = {isa = PBXFileReference; fileEncoding = 4; lastKnownFileType = sourcecode.swift; path = Tile.swift; sourceTree = "<group>"; };
		5FC011891961617600842F12 /* Swap.swift */ = {isa = PBXFileReference; fileEncoding = 4; lastKnownFileType = sourcecode.swift; path = Swap.swift; sourceTree = "<group>"; };
/* End PBXFileReference section */

/* Begin PBXFrameworksBuildPhase section */
		5FB11F571961406500527C63 /* Frameworks */ = {
			isa = PBXFrameworksBuildPhase;
			buildActionMask = 2147483647;
			files = (
			);
			runOnlyForDeploymentPostprocessing = 0;
		};
		5FB11F6D1961406600527C63 /* Frameworks */ = {
			isa = PBXFrameworksBuildPhase;
			buildActionMask = 2147483647;
			files = (
			);
			runOnlyForDeploymentPostprocessing = 0;
		};
/* End PBXFrameworksBuildPhase section */

/* Begin PBXGroup section */
		5F3541A71962A23200F56DA4 /* util */ = {
			isa = PBXGroup;
			children = (
				5F3541A81962A23200F56DA4 /* Array2D.swift */,
				5F3541A91962A23200F56DA4 /* Extension.swift */,
				5F3541AA1962A23200F56DA4 /* Set.swift */,
			);
			path = util;
			sourceTree = "<group>";
		};
		5F53BF1B1962585900CAAC8A /* Sounds */ = {
			isa = PBXGroup;
			children = (
				5F53BF1C1962585900CAAC8A /* Chomp.wav */,
				5F53BF1D1962585900CAAC8A /* Drip.wav */,
				5F53BF1E1962585900CAAC8A /* Error.wav */,
				5F53BF1F1962585900CAAC8A /* Ka-Ching.wav */,
				5F53BF201962585900CAAC8A /* Mining by Moonlight.mp3 */,
				5F53BF211962585900CAAC8A /* Scrape.wav */,
			);
			path = Sounds;
			sourceTree = "<group>";
		};
		5FB11F511961406400527C63 = {
			isa = PBXGroup;
			children = (
				5FB11F5C1961406500527C63 /* XJCookieCrunch */,
				5FB11F731961406600527C63 /* XJCookieCrunchTests */,
				5FB11F5B1961406500527C63 /* Products */,
			);
			sourceTree = "<group>";
		};
		5FB11F5B1961406500527C63 /* Products */ = {
			isa = PBXGroup;
			children = (
				5FB11F5A1961406500527C63 /* XJCookieCrunch.app */,
				5FB11F701961406600527C63 /* XJCookieCrunchTests.xctest */,
			);
			name = Products;
			sourceTree = "<group>";
		};
		5FB11F5C1961406500527C63 /* XJCookieCrunch */ = {
			isa = PBXGroup;
			children = (
				5FC0116B196150F000842F12 /* model */,
				5FC01169196150F000842F12 /* controller */,
				5FC01170196150F000842F12 /* view */,
				5FB11F5F1961406600527C63 /* AppDelegate.swift */,
				5FB11F671961406600527C63 /* Main.storyboard */,
				5FB11F6A1961406600527C63 /* Images.xcassets */,
				5FC0115C1961447100842F12 /* Resources */,
				5FB11F5D1961406600527C63 /* Supporting Files */,
			);
			path = XJCookieCrunch;
			sourceTree = "<group>";
		};
		5FB11F5D1961406600527C63 /* Supporting Files */ = {
			isa = PBXGroup;
			children = (
				5FB11F5E1961406600527C63 /* Info.plist */,
			);
			name = "Supporting Files";
			sourceTree = "<group>";
		};
		5FB11F731961406600527C63 /* XJCookieCrunchTests */ = {
			isa = PBXGroup;
			children = (
				5FB11F761961406600527C63 /* XJCookieCrunchTests.swift */,
				5FB11F741961406600527C63 /* Supporting Files */,
			);
			path = XJCookieCrunchTests;
			sourceTree = "<group>";
		};
		5FB11F741961406600527C63 /* Supporting Files */ = {
			isa = PBXGroup;
			children = (
				5FB11F751961406600527C63 /* Info.plist */,
			);
			name = "Supporting Files";
			sourceTree = "<group>";
		};
		5FC0115C1961447100842F12 /* Resources */ = {
			isa = PBXGroup;
			children = (
				5F3541A51962993D00F56DA4 /* Grid.atlas */,
				5F53BF1B1962585900CAAC8A /* Sounds */,
				5FC0117A1961566D00842F12 /* Levels */,
				5FC0115F1961449100842F12 /* Sprites.atlas */,
			);
			path = Resources;
			sourceTree = "<group>";
		};
		5FC01169196150F000842F12 /* controller */ = {
			isa = PBXGroup;
			children = (
				5FC0116A196150F000842F12 /* GameViewController.swift */,
			);
			path = controller;
			sourceTree = "<group>";
		};
		5FC0116B196150F000842F12 /* model */ = {
			isa = PBXGroup;
			children = (
				5F3541A71962A23200F56DA4 /* util */,
				5FC0116D196150F000842F12 /* Cookie.swift */,
				5FC0116E196150F000842F12 /* Level.swift */,
				5FC011851961569D00842F12 /* Tile.swift */,
				5FC011891961617600842F12 /* Swap.swift */,
				5F53BF2819625A0D00CAAC8A /* Chain.swift */,
			);
			path = model;
			sourceTree = "<group>";
		};
		5FC01170196150F000842F12 /* view */ = {
			isa = PBXGroup;
			children = (
				5FC01171196150F000842F12 /* GameScene.sks */,
				5FC01172196150F000842F12 /* GameScene.swift */,
			);
			path = view;
			sourceTree = "<group>";
		};
		5FC0117A1961566D00842F12 /* Levels */ = {
			isa = PBXGroup;
			children = (
				5FC0117B1961566D00842F12 /* Level_0.json */,
				5FC0117C1961566D00842F12 /* Level_1.json */,
				5FC0117D1961566D00842F12 /* Level_2.json */,
				5FC0117E1961566D00842F12 /* Level_3.json */,
				5FC0117F1961566D00842F12 /* Level_4.json */,
			);
			path = Levels;
			sourceTree = "<group>";
		};
/* End PBXGroup section */

/* Begin PBXNativeTarget section */
		5FB11F591961406500527C63 /* XJCookieCrunch */ = {
			isa = PBXNativeTarget;
			buildConfigurationList = 5FB11F7A1961406700527C63 /* Build configuration list for PBXNativeTarget "XJCookieCrunch" */;
			buildPhases = (
				5FB11F561961406500527C63 /* Sources */,
				5FB11F571961406500527C63 /* Frameworks */,
				5FB11F581961406500527C63 /* Resources */,
			);
			buildRules = (
			);
			dependencies = (
			);
			name = XJCookieCrunch;
			productName = XJCookieCrunch;
			productReference = 5FB11F5A1961406500527C63 /* XJCookieCrunch.app */;
			productType = "com.apple.product-type.application";
		};
		5FB11F6F1961406600527C63 /* XJCookieCrunchTests */ = {
			isa = PBXNativeTarget;
			buildConfigurationList = 5FB11F7D1961406700527C63 /* Build configuration list for PBXNativeTarget "XJCookieCrunchTests" */;
			buildPhases = (
				5FB11F6C1961406600527C63 /* Sources */,
				5FB11F6D1961406600527C63 /* Frameworks */,
				5FB11F6E1961406600527C63 /* Resources */,
			);
			buildRules = (
			);
			dependencies = (
				5FB11F721961406600527C63 /* PBXTargetDependency */,
			);
			name = XJCookieCrunchTests;
			productName = XJCookieCrunchTests;
			productReference = 5FB11F701961406600527C63 /* XJCookieCrunchTests.xctest */;
			productType = "com.apple.product-type.bundle.unit-test";
		};
/* End PBXNativeTarget section */

/* Begin PBXProject section */
		5FB11F521961406400527C63 /* Project object */ = {
			isa = PBXProject;
			attributes = {
				LastUpgradeCheck = 0600;
				ORGANIZATIONNAME = xiejun;
				TargetAttributes = {
					5FB11F591961406500527C63 = {
						CreatedOnToolsVersion = 6.0;
					};
					5FB11F6F1961406600527C63 = {
						CreatedOnToolsVersion = 6.0;
						TestTargetID = 5FB11F591961406500527C63;
					};
				};
			};
			buildConfigurationList = 5FB11F551961406500527C63 /* Build configuration list for PBXProject "XJCookieCrunch" */;
			compatibilityVersion = "Xcode 3.2";
			developmentRegion = English;
			hasScannedForEncodings = 0;
			knownRegions = (
				en,
				Base,
			);
			mainGroup = 5FB11F511961406400527C63;
			productRefGroup = 5FB11F5B1961406500527C63 /* Products */;
			projectDirPath = "";
			projectRoot = "";
			targets = (
				5FB11F591961406500527C63 /* XJCookieCrunch */,
				5FB11F6F1961406600527C63 /* XJCookieCrunchTests */,
			);
		};
/* End PBXProject section */

/* Begin PBXResourcesBuildPhase section */
		5FB11F581961406500527C63 /* Resources */ = {
			isa = PBXResourcesBuildPhase;
			buildActionMask = 2147483647;
			files = (
				5FC01178196150F000842F12 /* GameScene.sks in Resources */,
				5F53BF231962585900CAAC8A /* Drip.wav in Resources */,
				5FC011841961566D00842F12 /* Level_4.json in Resources */,
				5F3541A61962993D00F56DA4 /* Grid.atlas in Resources */,
				5F53BF241962585900CAAC8A /* Error.wav in Resources */,
				5FC011821961566D00842F12 /* Level_2.json in Resources */,
				5F53BF271962585900CAAC8A /* Scrape.wav in Resources */,
				5FC011801961566D00842F12 /* Level_0.json in Resources */,
				5F53BF221962585900CAAC8A /* Chomp.wav in Resources */,
				5F53BF261962585900CAAC8A /* Mining by Moonlight.mp3 in Resources */,
				5FB11F6B1961406600527C63 /* Images.xcassets in Resources */,
				5F53BF251962585900CAAC8A /* Ka-Ching.wav in Resources */,
				5FC011601961449100842F12 /* Sprites.atlas in Resources */,
				5FC011811961566D00842F12 /* Level_1.json in Resources */,
				5FC011831961566D00842F12 /* Level_3.json in Resources */,
				5FB11F691961406600527C63 /* Main.storyboard in Resources */,
			);
			runOnlyForDeploymentPostprocessing = 0;
		};
		5FB11F6E1961406600527C63 /* Resources */ = {
			isa = PBXResourcesBuildPhase;
			buildActionMask = 2147483647;
			files = (
			);
			runOnlyForDeploymentPostprocessing = 0;
		};
/* End PBXResourcesBuildPhase section */

/* Begin PBXSourcesBuildPhase section */
		5FB11F561961406500527C63 /* Sources */ = {
			isa = PBXSourcesBuildPhase;
			buildActionMask = 2147483647;
			files = (
				5FC01173196150F000842F12 /* GameViewController.swift in Sources */,
				5F3541AB1962A23200F56DA4 /* Array2D.swift in Sources */,
				5FC01175196150F000842F12 /* Cookie.swift in Sources */,
				5F53BF2919625A0D00CAAC8A /* Chain.swift in Sources */,
				5FC0118A1961617600842F12 /* Swap.swift in Sources */,
				5F3541AC1962A23200F56DA4 /* Extension.swift in Sources */,
				5FC011861961569D00842F12 /* Tile.swift in Sources */,
				5FC01176196150F000842F12 /* Level.swift in Sources */,
				5FC01179196150F000842F12 /* GameScene.swift in Sources */,
				5F3541AD1962A23200F56DA4 /* Set.swift in Sources */,
				5FB11F601961406600527C63 /* AppDelegate.swift in Sources */,
			);
			runOnlyForDeploymentPostprocessing = 0;
		};
		5FB11F6C1961406600527C63 /* Sources */ = {
			isa = PBXSourcesBuildPhase;
			buildActionMask = 2147483647;
			files = (
				5FB11F771961406600527C63 /* XJCookieCrunchTests.swift in Sources */,
			);
			runOnlyForDeploymentPostprocessing = 0;
		};
/* End PBXSourcesBuildPhase section */

/* Begin PBXTargetDependency section */
		5FB11F721961406600527C63 /* PBXTargetDependency */ = {
			isa = PBXTargetDependency;
			target = 5FB11F591961406500527C63 /* XJCookieCrunch */;
			targetProxy = 5FB11F711961406600527C63 /* PBXContainerItemProxy */;
		};
/* End PBXTargetDependency section */

/* Begin PBXVariantGroup section */
		5FB11F671961406600527C63 /* Main.storyboard */ = {
			isa = PBXVariantGroup;
			children = (
				5FB11F681961406600527C63 /* Base */,
			);
			name = Main.storyboard;
			sourceTree = "<group>";
		};
/* End PBXVariantGroup section */

/* Begin XCBuildConfiguration section */
		5FB11F781961406600527C63 /* Debug */ = {
			isa = XCBuildConfiguration;
			buildSettings = {
				ALWAYS_SEARCH_USER_PATHS = NO;
				CLANG_CXX_LANGUAGE_STANDARD = "gnu++0x";
				CLANG_CXX_LIBRARY = "libc++";
				CLANG_ENABLE_MODULES = YES;
				CLANG_ENABLE_OBJC_ARC = YES;
				CLANG_WARN_BOOL_CONVERSION = YES;
				CLANG_WARN_CONSTANT_CONVERSION = YES;
				CLANG_WARN_DIRECT_OBJC_ISA_USAGE = YES_ERROR;
				CLANG_WARN_EMPTY_BODY = YES;
				CLANG_WARN_ENUM_CONVERSION = YES;
				CLANG_WARN_INT_CONVERSION = YES;
				CLANG_WARN_OBJC_ROOT_CLASS = YES_ERROR;
				CLANG_WARN_UNREACHABLE_CODE = YES;
				CLANG_WARN__DUPLICATE_METHOD_MATCH = YES;
				"CODE_SIGN_IDENTITY[sdk=iphoneos*]" = "iPhone Developer";
				COPY_PHASE_STRIP = NO;
				ENABLE_STRICT_OBJC_MSGSEND = YES;
				GCC_C_LANGUAGE_STANDARD = gnu99;
				GCC_DYNAMIC_NO_PIC = NO;
				GCC_OPTIMIZATION_LEVEL = 0;
				GCC_PREPROCESSOR_DEFINITIONS = (
					"DEBUG=1",
					"$(inherited)",
				);
				GCC_SYMBOLS_PRIVATE_EXTERN = NO;
				GCC_WARN_64_TO_32_BIT_CONVERSION = YES;
				GCC_WARN_ABOUT_RETURN_TYPE = YES_ERROR;
				GCC_WARN_UNDECLARED_SELECTOR = YES;
				GCC_WARN_UNINITIALIZED_AUTOS = YES_AGGRESSIVE;
				GCC_WARN_UNUSED_FUNCTION = YES;
				GCC_WARN_UNUSED_VARIABLE = YES;
				IPHONEOS_DEPLOYMENT_TARGET = 8.0;
				METAL_ENABLE_DEBUG_INFO = YES;
				ONLY_ACTIVE_ARCH = YES;
				SDKROOT = iphoneos;
				SWIFT_OPTIMIZATION_LEVEL = "-Onone";
			};
			name = Debug;
		};
		5FB11F791961406600527C63 /* Release */ = {
			isa = XCBuildConfiguration;
			buildSettings = {
				ALWAYS_SEARCH_USER_PATHS = NO;
				CLANG_CXX_LANGUAGE_STANDARD = "gnu++0x";
				CLANG_CXX_LIBRARY = "libc++";
				CLANG_ENABLE_MODULES = YES;
				CLANG_ENABLE_OBJC_ARC = YES;
				CLANG_WARN_BOOL_CONVERSION = YES;
				CLANG_WARN_CONSTANT_CONVERSION = YES;
				CLANG_WARN_DIRECT_OBJC_ISA_USAGE = YES_ERROR;
				CLANG_WARN_EMPTY_BODY = YES;
				CLANG_WARN_ENUM_CONVERSION = YES;
				CLANG_WARN_INT_CONVERSION = YES;
				CLANG_WARN_OBJC_ROOT_CLASS = YES_ERROR;
				CLANG_WARN_UNREACHABLE_CODE = YES;
				CLANG_WARN__DUPLICATE_METHOD_MATCH = YES;
				"CODE_SIGN_IDENTITY[sdk=iphoneos*]" = "iPhone Developer";
				COPY_PHASE_STRIP = YES;
				ENABLE_NS_ASSERTIONS = NO;
				ENABLE_STRICT_OBJC_MSGSEND = YES;
				GCC_C_LANGUAGE_STANDARD = gnu99;
				GCC_WARN_64_TO_32_BIT_CONVERSION = YES;
				GCC_WARN_ABOUT_RETURN_TYPE = YES_ERROR;
				GCC_WARN_UNDECLARED_SELECTOR = YES;
				GCC_WARN_UNINITIALIZED_AUTOS = YES_AGGRESSIVE;
				GCC_WARN_UNUSED_FUNCTION = YES;
				GCC_WARN_UNUSED_VARIABLE = YES;
				IPHONEOS_DEPLOYMENT_TARGET = 8.0;
				METAL_ENABLE_DEBUG_INFO = NO;
				SDKROOT = iphoneos;
				VALIDATE_PRODUCT = YES;
			};
			name = Release;
		};
		5FB11F7B1961406700527C63 /* Debug */ = {
			isa = XCBuildConfiguration;
			buildSettings = {
				ASSETCATALOG_COMPILER_APPICON_NAME = AppIcon;
				ASSETCATALOG_COMPILER_LAUNCHIMAGE_NAME = LaunchImage;
				INFOPLIST_FILE = XJCookieCrunch/Info.plist;
				IPHONEOS_DEPLOYMENT_TARGET = 7.0;
				LD_RUNPATH_SEARCH_PATHS = "$(inherited) @executable_path/Frameworks";
				PRODUCT_NAME = "$(TARGET_NAME)";
			};
			name = Debug;
		};
		5FB11F7C1961406700527C63 /* Release */ = {
			isa = XCBuildConfiguration;
			buildSettings = {
				ASSETCATALOG_COMPILER_APPICON_NAME = AppIcon;
				ASSETCATALOG_COMPILER_LAUNCHIMAGE_NAME = LaunchImage;
				INFOPLIST_FILE = XJCookieCrunch/Info.plist;
				IPHONEOS_DEPLOYMENT_TARGET = 7.0;
				LD_RUNPATH_SEARCH_PATHS = "$(inherited) @executable_path/Frameworks";
				PRODUCT_NAME = "$(TARGET_NAME)";
			};
			name = Release;
		};
		5FB11F7E1961406700527C63 /* Debug */ = {
			isa = XCBuildConfiguration;
			buildSettings = {
				BUNDLE_LOADER = "$(BUILT_PRODUCTS_DIR)/XJCookieCrunch.app/XJCookieCrunch";
				FRAMEWORK_SEARCH_PATHS = (
					"$(SDKROOT)/Developer/Library/Frameworks",
					"$(inherited)",
				);
				GCC_PREPROCESSOR_DEFINITIONS = (
					"DEBUG=1",
					"$(inherited)",
				);
				INFOPLIST_FILE = XJCookieCrunchTests/Info.plist;
				LD_RUNPATH_SEARCH_PATHS = "$(inherited) @executable_path/Frameworks @loader_path/Frameworks";
				METAL_ENABLE_DEBUG_INFO = YES;
				PRODUCT_NAME = "$(TARGET_NAME)";
				TEST_HOST = "$(BUNDLE_LOADER)";
			};
			name = Debug;
		};
		5FB11F7F1961406700527C63 /* Release */ = {
			isa = XCBuildConfiguration;
			buildSettings = {
				BUNDLE_LOADER = "$(BUILT_PRODUCTS_DIR)/XJCookieCrunch.app/XJCookieCrunch";
				FRAMEWORK_SEARCH_PATHS = (
					"$(SDKROOT)/Developer/Library/Frameworks",
					"$(inherited)",
				);
				INFOPLIST_FILE = XJCookieCrunchTests/Info.plist;
				LD_RUNPATH_SEARCH_PATHS = "$(inherited) @executable_path/Frameworks @loader_path/Frameworks";
				METAL_ENABLE_DEBUG_INFO = NO;
				PRODUCT_NAME = "$(TARGET_NAME)";
				TEST_HOST = "$(BUNDLE_LOADER)";
			};
			name = Release;
		};
/* End XCBuildConfiguration section */

/* Begin XCConfigurationList section */
		5FB11F551961406500527C63 /* Build configuration list for PBXProject "XJCookieCrunch" */ = {
			isa = XCConfigurationList;
			buildConfigurations = (
				5FB11F781961406600527C63 /* Debug */,
				5FB11F791961406600527C63 /* Release */,
			);
			defaultConfigurationIsVisible = 0;
			defaultConfigurationName = Release;
		};
		5FB11F7A1961406700527C63 /* Build configuration list for PBXNativeTarget "XJCookieCrunch" */ = {
			isa = XCConfigurationList;
			buildConfigurations = (
				5FB11F7B1961406700527C63 /* Debug */,
				5FB11F7C1961406700527C63 /* Release */,
			);
			defaultConfigurationIsVisible = 0;
			defaultConfigurationName = Release;
		};
		5FB11F7D1961406700527C63 /* Build configuration list for PBXNativeTarget "XJCookieCrunchTests" */ = {
			isa = XCConfigurationList;
			buildConfigurations = (
				5FB11F7E1961406700527C63 /* Debug */,
				5FB11F7F1961406700527C63 /* Release */,
			);
			defaultConfigurationIsVisible = 0;
			defaultConfigurationName = Release;
		};
/* End XCConfigurationList section */
	};
	rootObject = 5FB11F521961406400527C63 /* Project object */;
}
